
Microsoft Visual Studio Solution File, Format Version 12.00
# Visual Studio Version 16
VisualStudioVersion = 16.0.31911.196
MinimumVisualStudioVersion = 10.0.40219.1
Project("{FAE04EC0-301F-11D3-BF4B-00C04F79EFBC}") = "Kalendar", "Kalendar.csproj", "{A8E991F8-3F9E-4959-8697-09D1FD84257D}"
EndProject
Global
	GlobalSection(SolutionConfigurationPlatforms) = preSolution
		Debug|Any CPU = Debug|Any CPU
		Release|Any CPU = Release|Any CPU
	EndGlobalSection
	GlobalSection(ProjectConfigurationPlatforms) = postSolution
		{A8E991F8-3F9E-4959-8697-09D1FD84257D}.Debug|Any CPU.ActiveCfg = Debug|Any CPU
		{A8E991F8-3F9E-4959-8697-09D1FD84257D}.Debug|Any CPU.Build.0 = Debug|Any CPU
		{A8E991F8-3F9E-4959-8697-09D1FD84257D}.Release|Any CPU.ActiveCfg = Release|Any CPU
		{A8E991F8-3F9E-4959-8697-09D1FD84257D}.Release|Any CPU.Build.0 = Release|Any CPU
	EndGlobalSection
	GlobalSection(SolutionProperties) = preSolution
		HideSolutionNode = FALSE
	EndGlobalSection
	GlobalSection(ExtensibilityGlobals) = postSolution
		SolutionGuid = {EA3A6C3B-AC5C-47D9-9BC1-C9D02132D07D}
	EndGlobalSection
EndGlobal
